
Microsoft Visual Studio Solution File, Format Version 12.00
# Visual Studio Express 2012 for Windows Desktop
Project("{F184B08F-C81C-45F6-A57F-5ABD9991F28F}") = "Cap04_Ex06", "Cap04_Ex06\Cap04_Ex06.vbproj", "{F68E8268-4FEB-4FCF-9683-B412067A616B}"
EndProject
Global
	GlobalSection(SolutionConfigurationPlatforms) = preSolution
		Debug|Any CPU = Debug|Any CPU
		Release|Any CPU = Release|Any CPU
	EndGlobalSection
	GlobalSection(ProjectConfigurationPlatforms) = postSolution
		{F68E8268-4FEB-4FCF-9683-B412067A616B}.Debug|Any CPU.ActiveCfg = Debug|Any CPU
		{F68E8268-4FEB-4FCF-9683-B412067A616B}.Debug|Any CPU.Build.0 = Debug|Any CPU
		{F68E8268-4FEB-4FCF-9683-B412067A616B}.Release|Any CPU.ActiveCfg = Release|Any CPU
		{F68E8268-4FEB-4FCF-9683-B412067A616B}.Release|Any CPU.Build.0 = Release|Any CPU
	EndGlobalSection
	GlobalSection(SolutionProperties) = preSolution
		HideSolutionNode = FALSE
	EndGlobalSection
EndGlobal
