
Microsoft Visual Studio Solution File, Format Version 12.00
# Visual Studio Express 2012 for Windows Desktop
Project("{F184B08F-C81C-45F6-A57F-5ABD9991F28F}") = "Cap03_Ex05", "Cap03_Ex05\Cap03_Ex05.vbproj", "{7C7C73B0-D99C-4FCD-80A8-EA45D21A28F9}"
EndProject
Global
	GlobalSection(SolutionConfigurationPlatforms) = preSolution
		Debug|Any CPU = Debug|Any CPU
		Release|Any CPU = Release|Any CPU
	EndGlobalSection
	GlobalSection(ProjectConfigurationPlatforms) = postSolution
		{7C7C73B0-D99C-4FCD-80A8-EA45D21A28F9}.Debug|Any CPU.ActiveCfg = Debug|Any CPU
		{7C7C73B0-D99C-4FCD-80A8-EA45D21A28F9}.Debug|Any CPU.Build.0 = Debug|Any CPU
		{7C7C73B0-D99C-4FCD-80A8-EA45D21A28F9}.Release|Any CPU.ActiveCfg = Release|Any CPU
		{7C7C73B0-D99C-4FCD-80A8-EA45D21A28F9}.Release|Any CPU.Build.0 = Release|Any CPU
	EndGlobalSection
	GlobalSection(SolutionProperties) = preSolution
		HideSolutionNode = FALSE
	EndGlobalSection
EndGlobal
