
Microsoft Visual Studio Solution File, Format Version 12.00
# Visual Studio Express 2012 for Windows Desktop
Project("{F184B08F-C81C-45F6-A57F-5ABD9991F28F}") = "Cap03_Ex03", "Cap03_Ex03\Cap03_Ex03.vbproj", "{F82FCA78-5693-4327-80F8-17139066F794}"
EndProject
Global
	GlobalSection(SolutionConfigurationPlatforms) = preSolution
		Debug|Any CPU = Debug|Any CPU
		Release|Any CPU = Release|Any CPU
	EndGlobalSection
	GlobalSection(ProjectConfigurationPlatforms) = postSolution
		{F82FCA78-5693-4327-80F8-17139066F794}.Debug|Any CPU.ActiveCfg = Debug|Any CPU
		{F82FCA78-5693-4327-80F8-17139066F794}.Debug|Any CPU.Build.0 = Debug|Any CPU
		{F82FCA78-5693-4327-80F8-17139066F794}.Release|Any CPU.ActiveCfg = Release|Any CPU
		{F82FCA78-5693-4327-80F8-17139066F794}.Release|Any CPU.Build.0 = Release|Any CPU
	EndGlobalSection
	GlobalSection(SolutionProperties) = preSolution
		HideSolutionNode = FALSE
	EndGlobalSection
EndGlobal
